// !$*UTF8*$!
{
	archiveVersion = 1;
	classes = {
	};
	objectVersion = 50;
	objects = {

/* Begin PBXBuildFile section */
		2B3EC293237BC89600E0C37C /* AppDelegate.swift in Sources */ = {isa = PBXBuildFile; fileRef = 2B3EC292237BC89600E0C37C /* AppDelegate.swift */; };
		2B3EC295237BC89600E0C37C /* SceneDelegate.swift in Sources */ = {isa = PBXBuildFile; fileRef = 2B3EC294237BC89600E0C37C /* SceneDelegate.swift */; };
		2B3EC297237BC89600E0C37C /* ViewController.swift in Sources */ = {isa = PBXBuildFile; fileRef = 2B3EC296237BC89600E0C37C /* ViewController.swift */; };
		2B3EC29A237BC89600E0C37C /* Main.storyboard in Resources */ = {isa = PBXBuildFile; fileRef = 2B3EC298237BC89600E0C37C /* Main.storyboard */; };
		2B3EC29C237BC89700E0C37C /* Assets.xcassets in Resources */ = {isa = PBXBuildFile; fileRef = 2B3EC29B237BC89700E0C37C /* Assets.xcassets */; };
		2B3EC29F237BC89700E0C37C /* LaunchScreen.storyboard in Resources */ = {isa = PBXBuildFile; fileRef = 2B3EC29D237BC89700E0C37C /* LaunchScreen.storyboard */; };
		2B3EC2AA237BC89700E0C37C /* CSC690_FinalProjectTests.swift in Sources */ = {isa = PBXBuildFile; fileRef = 2B3EC2A9237BC89700E0C37C /* CSC690_FinalProjectTests.swift */; };
		2B3EC2B5237BC89800E0C37C /* CSC690_FinalProjectUITests.swift in Sources */ = {isa = PBXBuildFile; fileRef = 2B3EC2B4237BC89800E0C37C /* CSC690_FinalProjectUITests.swift */; };
		2B3EC2C3237BCBC100E0C37C /* README.md in Resources */ = {isa = PBXBuildFile; fileRef = 2B3EC2C2237BCBC000E0C37C /* README.md */; };
/* End PBXBuildFile section */

/* Begin PBXContainerItemProxy section */
		2B3EC2A6237BC89700E0C37C /* PBXContainerItemProxy */ = {
			isa = PBXContainerItemProxy;
			containerPortal = 2B3EC287237BC89600E0C37C /* Project object */;
			proxyType = 1;
			remoteGlobalIDString = 2B3EC28E237BC89600E0C37C;
			remoteInfo = "CSC690-FinalProject";
		};
		2B3EC2B1237BC89800E0C37C /* PBXContainerItemProxy */ = {
			isa = PBXContainerItemProxy;
			containerPortal = 2B3EC287237BC89600E0C37C /* Project object */;
			proxyType = 1;
			remoteGlobalIDString = 2B3EC28E237BC89600E0C37C;
			remoteInfo = "CSC690-FinalProject";
		};
/* End PBXContainerItemProxy section */

/* Begin PBXFileReference section */
		2B3EC28F237BC89600E0C37C /* CSC690-FinalProject.app */ = {isa = PBXFileReference; explicitFileType = wrapper.application; includeInIndex = 0; path = "CSC690-FinalProject.app"; sourceTree = BUILT_PRODUCTS_DIR; };
		2B3EC292237BC89600E0C37C /* AppDelegate.swift */ = {isa = PBXFileReference; lastKnownFileType = sourcecode.swift; path = AppDelegate.swift; sourceTree = "<group>"; };
		2B3EC294237BC89600E0C37C /* SceneDelegate.swift */ = {isa = PBXFileReference; lastKnownFileType = sourcecode.swift; path = SceneDelegate.swift; sourceTree = "<group>"; };
		2B3EC296237BC89600E0C37C /* ViewController.swift */ = {isa = PBXFileReference; lastKnownFileType = sourcecode.swift; path = ViewController.swift; sourceTree = "<group>"; };
		2B3EC299237BC89600E0C37C /* Base */ = {isa = PBXFileReference; lastKnownFileType = file.storyboard; name = Base; path = Base.lproj/Main.storyboard; sourceTree = "<group>"; };
		2B3EC29B237BC89700E0C37C /* Assets.xcassets */ = {isa = PBXFileReference; lastKnownFileType = folder.assetcatalog; path = Assets.xcassets; sourceTree = "<group>"; };
		2B3EC29E237BC89700E0C37C /* Base */ = {isa = PBXFileReference; lastKnownFileType = file.storyboard; name = Base; path = Base.lproj/LaunchScreen.storyboard; sourceTree = "<group>"; };
		2B3EC2A0237BC89700E0C37C /* Info.plist */ = {isa = PBXFileReference; lastKnownFileType = text.plist.xml; path = Info.plist; sourceTree = "<group>"; };
		2B3EC2A5237BC89700E0C37C /* CSC690-FinalProjectTests.xctest */ = {isa = PBXFileReference; explicitFileType = wrapper.cfbundle; includeInIndex = 0; path = "CSC690-FinalProjectTests.xctest"; sourceTree = BUILT_PRODUCTS_DIR; };
		2B3EC2A9237BC89700E0C37C /* CSC690_FinalProjectTests.swift */ = {isa = PBXFileReference; lastKnownFileType = sourcecode.swift; path = CSC690_FinalProjectTests.swift; sourceTree = "<group>"; };
		2B3EC2AB237BC89700E0C37C /* Info.plist */ = {isa = PBXFileReference; lastKnownFileType = text.plist.xml; path = Info.plist; sourceTree = "<group>"; };
		2B3EC2B0237BC89800E0C37C /* CSC690-FinalProjectUITests.xctest */ = {isa = PBXFileReference; explicitFileType = wrapper.cfbundle; includeInIndex = 0; path = "CSC690-FinalProjectUITests.xctest"; sourceTree = BUILT_PRODUCTS_DIR; };
		2B3EC2B4237BC89800E0C37C /* CSC690_FinalProjectUITests.swift */ = {isa = PBXFileReference; lastKnownFileType = sourcecode.swift; path = CSC690_FinalProjectUITests.swift; sourceTree = "<group>"; };
		2B3EC2B6237BC89800E0C37C /* Info.plist */ = {isa = PBXFileReference; lastKnownFileType = text.plist.xml; path = Info.plist; sourceTree = "<group>"; };
		2B3EC2C2237BCBC000E0C37C /* README.md */ = {isa = PBXFileReference; fileEncoding = 4; lastKnownFileType = net.daringfireball.markdown; path = README.md; sourceTree = "<group>"; };
/* End PBXFileReference section */

/* Begin PBXFrameworksBuildPhase section */
		2B3EC28C237BC89600E0C37C /* Frameworks */ = {
			isa = PBXFrameworksBuildPhase;
			buildActionMask = 2147483647;
			files = (
			);
			runOnlyForDeploymentPostprocessing = 0;
		};
		2B3EC2A2237BC89700E0C37C /* Frameworks */ = {
			isa = PBXFrameworksBuildPhase;
			buildActionMask = 2147483647;
			files = (
			);
			runOnlyForDeploymentPostprocessing = 0;
		};
		2B3EC2AD237BC89800E0C37C /* Frameworks */ = {
			isa = PBXFrameworksBuildPhase;
			buildActionMask = 2147483647;
			files = (
			);
			runOnlyForDeploymentPostprocessing = 0;
		};
/* End PBXFrameworksBuildPhase section */

/* Begin PBXGroup section */
		2B3EC286237BC89600E0C37C = {
			isa = PBXGroup;
			children = (
				2B3EC291237BC89600E0C37C /* CSC690-FinalProject */,
				2B3EC2A8237BC89700E0C37C /* CSC690-FinalProjectTests */,
				2B3EC2B3237BC89800E0C37C /* CSC690-FinalProjectUITests */,
				2B3EC290237BC89600E0C37C /* Products */,
				2B3EC2C2237BCBC000E0C37C /* README.md */,
			);
			sourceTree = "<group>";
		};
		2B3EC290237BC89600E0C37C /* Products */ = {
			isa = PBXGroup;
			children = (
				2B3EC28F237BC89600E0C37C /* CSC690-FinalProject.app */,
				2B3EC2A5237BC89700E0C37C /* CSC690-FinalProjectTests.xctest */,
				2B3EC2B0237BC89800E0C37C /* CSC690-FinalProjectUITests.xctest */,
			);
			name = Products;
			sourceTree = "<group>";
		};
		2B3EC291237BC89600E0C37C /* CSC690-FinalProject */ = {
			isa = PBXGroup;
			children = (
				2B3EC292237BC89600E0C37C /* AppDelegate.swift */,
				2B3EC294237BC89600E0C37C /* SceneDelegate.swift */,
				2B3EC296237BC89600E0C37C /* ViewController.swift */,
				2B3EC298237BC89600E0C37C /* Main.storyboard */,
				2B3EC29B237BC89700E0C37C /* Assets.xcassets */,
				2B3EC29D237BC89700E0C37C /* LaunchScreen.storyboard */,
				2B3EC2A0237BC89700E0C37C /* Info.plist */,
			);
			path = "CSC690-FinalProject";
			sourceTree = "<group>";
		};
		2B3EC2A8237BC89700E0C37C /* CSC690-FinalProjectTests */ = {
			isa = PBXGroup;
			children = (
				2B3EC2A9237BC89700E0C37C /* CSC690_FinalProjectTests.swift */,
				2B3EC2AB237BC89700E0C37C /* Info.plist */,
			);
			path = "CSC690-FinalProjectTests";
			sourceTree = "<group>";
		};
		2B3EC2B3237BC89800E0C37C /* CSC690-FinalProjectUITests */ = {
			isa = PBXGroup;
			children = (
				2B3EC2B4237BC89800E0C37C /* CSC690_FinalProjectUITests.swift */,
				2B3EC2B6237BC89800E0C37C /* Info.plist */,
			);
			path = "CSC690-FinalProjectUITests";
			sourceTree = "<group>";
		};
/* End PBXGroup section */

/* Begin PBXNativeTarget section */
		2B3EC28E237BC89600E0C37C /* CSC690-FinalProject */ = {
			isa = PBXNativeTarget;
			buildConfigurationList = 2B3EC2B9237BC89800E0C37C /* Build configuration list for PBXNativeTarget "CSC690-FinalProject" */;
			buildPhases = (
				2B3EC28B237BC89600E0C37C /* Sources */,
				2B3EC28C237BC89600E0C37C /* Frameworks */,
				2B3EC28D237BC89600E0C37C /* Resources */,
			);
			buildRules = (
			);
			dependencies = (
			);
			name = "CSC690-FinalProject";
			productName = "CSC690-FinalProject";
			productReference = 2B3EC28F237BC89600E0C37C /* CSC690-FinalProject.app */;
			productType = "com.apple.product-type.application";
		};
		2B3EC2A4237BC89700E0C37C /* CSC690-FinalProjectTests */ = {
			isa = PBXNativeTarget;
			buildConfigurationList = 2B3EC2BC237BC89800E0C37C /* Build configuration list for PBXNativeTarget "CSC690-FinalProjectTests" */;
			buildPhases = (
				2B3EC2A1237BC89700E0C37C /* Sources */,
				2B3EC2A2237BC89700E0C37C /* Frameworks */,
				2B3EC2A3237BC89700E0C37C /* Resources */,
			);
			buildRules = (
			);
			dependencies = (
				2B3EC2A7237BC89700E0C37C /* PBXTargetDependency */,
			);
			name = "CSC690-FinalProjectTests";
			productName = "CSC690-FinalProjectTests";
			productReference = 2B3EC2A5237BC89700E0C37C /* CSC690-FinalProjectTests.xctest */;
			productType = "com.apple.product-type.bundle.unit-test";
		};
		2B3EC2AF237BC89800E0C37C /* CSC690-FinalProjectUITests */ = {
			isa = PBXNativeTarget;
			buildConfigurationList = 2B3EC2BF237BC89800E0C37C /* Build configuration list for PBXNativeTarget "CSC690-FinalProjectUITests" */;
			buildPhases = (
				2B3EC2AC237BC89800E0C37C /* Sources */,
				2B3EC2AD237BC89800E0C37C /* Frameworks */,
				2B3EC2AE237BC89800E0C37C /* Resources */,
			);
			buildRules = (
			);
			dependencies = (
				2B3EC2B2237BC89800E0C37C /* PBXTargetDependency */,
			);
			name = "CSC690-FinalProjectUITests";
			productName = "CSC690-FinalProjectUITests";
			productReference = 2B3EC2B0237BC89800E0C37C /* CSC690-FinalProjectUITests.xctest */;
			productType = "com.apple.product-type.bundle.ui-testing";
		};
/* End PBXNativeTarget section */

/* Begin PBXProject section */
		2B3EC287237BC89600E0C37C /* Project object */ = {
			isa = PBXProject;
			attributes = {
				LastSwiftUpdateCheck = 1120;
				LastUpgradeCheck = 1120;
				ORGANIZATIONNAME = "Johnson Wong";
				TargetAttributes = {
					2B3EC28E237BC89600E0C37C = {
						CreatedOnToolsVersion = 11.2;
					};
					2B3EC2A4237BC89700E0C37C = {
						CreatedOnToolsVersion = 11.2;
						TestTargetID = 2B3EC28E237BC89600E0C37C;
					};
					2B3EC2AF237BC89800E0C37C = {
						CreatedOnToolsVersion = 11.2;
						TestTargetID = 2B3EC28E237BC89600E0C37C;
					};
				};
			};
			buildConfigurationList = 2B3EC28A237BC89600E0C37C /* Build configuration list for PBXProject "CSC690-FinalProject" */;
			compatibilityVersion = "Xcode 9.3";
			developmentRegion = en;
			hasScannedForEncodings = 0;
			knownRegions = (
				en,
				Base,
			);
			mainGroup = 2B3EC286237BC89600E0C37C;
			productRefGroup = 2B3EC290237BC89600E0C37C /* Products */;
			projectDirPath = "";
			projectRoot = "";
			targets = (
				2B3EC28E237BC89600E0C37C /* CSC690-FinalProject */,
				2B3EC2A4237BC89700E0C37C /* CSC690-FinalProjectTests */,
				2B3EC2AF237BC89800E0C37C /* CSC690-FinalProjectUITests */,
			);
		};
/* End PBXProject section */

/* Begin PBXResourcesBuildPhase section */
		2B3EC28D237BC89600E0C37C /* Resources */ = {
			isa = PBXResourcesBuildPhase;
			buildActionMask = 2147483647;
			files = (
				2B3EC29F237BC89700E0C37C /* LaunchScreen.storyboard in Resources */,
				2B3EC29C237BC89700E0C37C /* Assets.xcassets in Resources */,
				2B3EC2C3237BCBC100E0C37C /* README.md in Resources */,
				2B3EC29A237BC89600E0C37C /* Main.storyboard in Resources */,
			);
			runOnlyForDeploymentPostprocessing = 0;
		};
		2B3EC2A3237BC89700E0C37C /* Resources */ = {
			isa = PBXResourcesBuildPhase;
			buildActionMask = 2147483647;
			files = (
			);
			runOnlyForDeploymentPostprocessing = 0;
		};
		2B3EC2AE237BC89800E0C37C /* Resources */ = {
			isa = PBXResourcesBuildPhase;
			buildActionMask = 2147483647;
			files = (
			);
			runOnlyForDeploymentPostprocessing = 0;
		};
/* End PBXResourcesBuildPhase section */

/* Begin PBXSourcesBuildPhase section */
		2B3EC28B237BC89600E0C37C /* Sources */ = {
			isa = PBXSourcesBuildPhase;
			buildActionMask = 2147483647;
			files = (
				2B3EC297237BC89600E0C37C /* ViewController.swift in Sources */,
				2B3EC293237BC89600E0C37C /* AppDelegate.swift in Sources */,
				2B3EC295237BC89600E0C37C /* SceneDelegate.swift in Sources */,
			);
			runOnlyForDeploymentPostprocessing = 0;
		};
		2B3EC2A1237BC89700E0C37C /* Sources */ = {
			isa = PBXSourcesBuildPhase;
			buildActionMask = 2147483647;
			files = (
				2B3EC2AA237BC89700E0C37C /* CSC690_FinalProjectTests.swift in Sources */,
			);
			runOnlyForDeploymentPostprocessing = 0;
		};
		2B3EC2AC237BC89800E0C37C /* Sources */ = {
			isa = PBXSourcesBuildPhase;
			buildActionMask = 2147483647;
			files = (
				2B3EC2B5237BC89800E0C37C /* CSC690_FinalProjectUITests.swift in Sources */,
			);
			runOnlyForDeploymentPostprocessing = 0;
		};
/* End PBXSourcesBuildPhase section */

/* Begin PBXTargetDependency section */
		2B3EC2A7237BC89700E0C37C /* PBXTargetDependency */ = {
			isa = PBXTargetDependency;
			target = 2B3EC28E237BC89600E0C37C /* CSC690-FinalProject */;
			targetProxy = 2B3EC2A6237BC89700E0C37C /* PBXContainerItemProxy */;
		};
		2B3EC2B2237BC89800E0C37C /* PBXTargetDependency */ = {
			isa = PBXTargetDependency;
			target = 2B3EC28E237BC89600E0C37C /* CSC690-FinalProject */;
			targetProxy = 2B3EC2B1237BC89800E0C37C /* PBXContainerItemProxy */;
		};
/* End PBXTargetDependency section */

/* Begin PBXVariantGroup section */
		2B3EC298237BC89600E0C37C /* Main.storyboard */ = {
			isa = PBXVariantGroup;
			children = (
				2B3EC299237BC89600E0C37C /* Base */,
			);
			name = Main.storyboard;
			sourceTree = "<group>";
		};
		2B3EC29D237BC89700E0C37C /* LaunchScreen.storyboard */ = {
			isa = PBXVariantGroup;
			children = (
				2B3EC29E237BC89700E0C37C /* Base */,
			);
			name = LaunchScreen.storyboard;
			sourceTree = "<group>";
		};
/* End PBXVariantGroup section */

/* Begin XCBuildConfiguration section */
		2B3EC2B7237BC89800E0C37C /* Debug */ = {
			isa = XCBuildConfiguration;
			buildSettings = {
				ALWAYS_SEARCH_USER_PATHS = NO;
				CLANG_ANALYZER_NONNULL = YES;
				CLANG_ANALYZER_NUMBER_OBJECT_CONVERSION = YES_AGGRESSIVE;
				CLANG_CXX_LANGUAGE_STANDARD = "gnu++14";
				CLANG_CXX_LIBRARY = "libc++";
				CLANG_ENABLE_MODULES = YES;
				CLANG_ENABLE_OBJC_ARC = YES;
				CLANG_ENABLE_OBJC_WEAK = YES;
				CLANG_WARN_BLOCK_CAPTURE_AUTORELEASING = YES;
				CLANG_WARN_BOOL_CONVERSION = YES;
				CLANG_WARN_COMMA = YES;
				CLANG_WARN_CONSTANT_CONVERSION = YES;
				CLANG_WARN_DEPRECATED_OBJC_IMPLEMENTATIONS = YES;
				CLANG_WARN_DIRECT_OBJC_ISA_USAGE = YES_ERROR;
				CLANG_WARN_DOCUMENTATION_COMMENTS = YES;
				CLANG_WARN_EMPTY_BODY = YES;
				CLANG_WARN_ENUM_CONVERSION = YES;
				CLANG_WARN_INFINITE_RECURSION = YES;
				CLANG_WARN_INT_CONVERSION = YES;
				CLANG_WARN_NON_LITERAL_NULL_CONVERSION = YES;
				CLANG_WARN_OBJC_IMPLICIT_RETAIN_SELF = YES;
				CLANG_WARN_OBJC_LITERAL_CONVERSION = YES;
				CLANG_WARN_OBJC_ROOT_CLASS = YES_ERROR;
				CLANG_WARN_RANGE_LOOP_ANALYSIS = YES;
				CLANG_WARN_STRICT_PROTOTYPES = YES;
				CLANG_WARN_SUSPICIOUS_MOVE = YES;
				CLANG_WARN_UNGUARDED_AVAILABILITY = YES_AGGRESSIVE;
				CLANG_WARN_UNREACHABLE_CODE = YES;
				CLANG_WARN__DUPLICATE_METHOD_MATCH = YES;
				COPY_PHASE_STRIP = NO;
				DEBUG_INFORMATION_FORMAT = dwarf;
				ENABLE_STRICT_OBJC_MSGSEND = YES;
				ENABLE_TESTABILITY = YES;
				GCC_C_LANGUAGE_STANDARD = gnu11;
				GCC_DYNAMIC_NO_PIC = NO;
				GCC_NO_COMMON_BLOCKS = YES;
				GCC_OPTIMIZATION_LEVEL = 0;
				GCC_PREPROCESSOR_DEFINITIONS = (
					"DEBUG=1",
					"$(inherited)",
				);
				GCC_WARN_64_TO_32_BIT_CONVERSION = YES;
				GCC_WARN_ABOUT_RETURN_TYPE = YES_ERROR;
				GCC_WARN_UNDECLARED_SELECTOR = YES;
				GCC_WARN_UNINITIALIZED_AUTOS = YES_AGGRESSIVE;
				GCC_WARN_UNUSED_FUNCTION = YES;
				GCC_WARN_UNUSED_VARIABLE = YES;
				IPHONEOS_DEPLOYMENT_TARGET = 13.2;
				MTL_ENABLE_DEBUG_INFO = INCLUDE_SOURCE;
				MTL_FAST_MATH = YES;
				ONLY_ACTIVE_ARCH = YES;
				SDKROOT = iphoneos;
				SWIFT_ACTIVE_COMPILATION_CONDITIONS = DEBUG;
				SWIFT_OPTIMIZATION_LEVEL = "-Onone";
			};
			name = Debug;
		};
		2B3EC2B8237BC89800E0C37C /* Release */ = {
			isa = XCBuildConfiguration;
			buildSettings = {
				ALWAYS_SEARCH_USER_PATHS = NO;
				CLANG_ANALYZER_NONNULL = YES;
				CLANG_ANALYZER_NUMBER_OBJECT_CONVERSION = YES_AGGRESSIVE;
				CLANG_CXX_LANGUAGE_STANDARD = "gnu++14";
				CLANG_CXX_LIBRARY = "libc++";
				CLANG_ENABLE_MODULES = YES;
				CLANG_ENABLE_OBJC_ARC = YES;
				CLANG_ENABLE_OBJC_WEAK = YES;
				CLANG_WARN_BLOCK_CAPTURE_AUTORELEASING = YES;
				CLANG_WARN_BOOL_CONVERSION = YES;
				CLANG_WARN_COMMA = YES;
				CLANG_WARN_CONSTANT_CONVERSION = YES;
				CLANG_WARN_DEPRECATED_OBJC_IMPLEMENTATIONS = YES;
				CLANG_WARN_DIRECT_OBJC_ISA_USAGE = YES_ERROR;
				CLANG_WARN_DOCUMENTATION_COMMENTS = YES;
				CLANG_WARN_EMPTY_BODY = YES;
				CLANG_WARN_ENUM_CONVERSION = YES;
				CLANG_WARN_INFINITE_RECURSION = YES;
				CLANG_WARN_INT_CONVERSION = YES;
				CLANG_WARN_NON_LITERAL_NULL_CONVERSION = YES;
				CLANG_WARN_OBJC_IMPLICIT_RETAIN_SELF = YES;
				CLANG_WARN_OBJC_LITERAL_CONVERSION = YES;
				CLANG_WARN_OBJC_ROOT_CLASS = YES_ERROR;
				CLANG_WARN_RANGE_LOOP_ANALYSIS = YES;
				CLANG_WARN_STRICT_PROTOTYPES = YES;
				CLANG_WARN_SUSPICIOUS_MOVE = YES;
				CLANG_WARN_UNGUARDED_AVAILABILITY = YES_AGGRESSIVE;
				CLANG_WARN_UNREACHABLE_CODE = YES;
				CLANG_WARN__DUPLICATE_METHOD_MATCH = YES;
				COPY_PHASE_STRIP = NO;
				DEBUG_INFORMATION_FORMAT = "dwarf-with-dsym";
				ENABLE_NS_ASSERTIONS = NO;
				ENABLE_STRICT_OBJC_MSGSEND = YES;
				GCC_C_LANGUAGE_STANDARD = gnu11;
				GCC_NO_COMMON_BLOCKS = YES;
				GCC_WARN_64_TO_32_BIT_CONVERSION = YES;
				GCC_WARN_ABOUT_RETURN_TYPE = YES_ERROR;
				GCC_WARN_UNDECLARED_SELECTOR = YES;
				GCC_WARN_UNINITIALIZED_AUTOS = YES_AGGRESSIVE;
				GCC_WARN_UNUSED_FUNCTION = YES;
				GCC_WARN_UNUSED_VARIABLE = YES;
				IPHONEOS_DEPLOYMENT_TARGET = 13.2;
				MTL_ENABLE_DEBUG_INFO = NO;
				MTL_FAST_MATH = YES;
				SDKROOT = iphoneos;
				SWIFT_COMPILATION_MODE = wholemodule;
				SWIFT_OPTIMIZATION_LEVEL = "-O";
				VALIDATE_PRODUCT = YES;
			};
			name = Release;
		};
		2B3EC2BA237BC89800E0C37C /* Debug */ = {
			isa = XCBuildConfiguration;
			buildSettings = {
				ASSETCATALOG_COMPILER_APPICON_NAME = AppIcon;
				CODE_SIGN_STYLE = Automatic;
				DEVELOPMENT_TEAM = 6577BG9GEC;
				INFOPLIST_FILE = "CSC690-FinalProject/Info.plist";
				LD_RUNPATH_SEARCH_PATHS = (
					"$(inherited)",
					"@executable_path/Frameworks",
				);
				PRODUCT_BUNDLE_IDENTIFIER = "johnsonWong.CSC690-FinalProject";
				PRODUCT_NAME = "$(TARGET_NAME)";
				SWIFT_VERSION = 5.0;
				TARGETED_DEVICE_FAMILY = "1,2";
			};
			name = Debug;
		};
		2B3EC2BB237BC89800E0C37C /* Release */ = {
			isa = XCBuildConfiguration;
			buildSettings = {
				ASSETCATALOG_COMPILER_APPICON_NAME = AppIcon;
				CODE_SIGN_STYLE = Automatic;
				DEVELOPMENT_TEAM = 6577BG9GEC;
				INFOPLIST_FILE = "CSC690-FinalProject/Info.plist";
				LD_RUNPATH_SEARCH_PATHS = (
					"$(inherited)",
					"@executable_path/Frameworks",
				);
				PRODUCT_BUNDLE_IDENTIFIER = "johnsonWong.CSC690-FinalProject";
				PRODUCT_NAME = "$(TARGET_NAME)";
				SWIFT_VERSION = 5.0;
				TARGETED_DEVICE_FAMILY = "1,2";
			};
			name = Release;
		};
		2B3EC2BD237BC89800E0C37C /* Debug */ = {
			isa = XCBuildConfiguration;
			buildSettings = {
				ALWAYS_EMBED_SWIFT_STANDARD_LIBRARIES = YES;
				BUNDLE_LOADER = "$(TEST_HOST)";
				CODE_SIGN_STYLE = Automatic;
				DEVELOPMENT_TEAM = 6577BG9GEC;
				INFOPLIST_FILE = "CSC690-FinalProjectTests/Info.plist";
				IPHONEOS_DEPLOYMENT_TARGET = 13.2;
				LD_RUNPATH_SEARCH_PATHS = (
					"$(inherited)",
					"@executable_path/Frameworks",
					"@loader_path/Frameworks",
				);
				PRODUCT_BUNDLE_IDENTIFIER = "johnsonWong.CSC690-FinalProjectTests";
				PRODUCT_NAME = "$(TARGET_NAME)";
				SWIFT_VERSION = 5.0;
				TARGETED_DEVICE_FAMILY = "1,2";
				TEST_HOST = "$(BUILT_PRODUCTS_DIR)/CSC690-FinalProject.app/CSC690-FinalProject";
			};
			name = Debug;
		};
		2B3EC2BE237BC89800E0C37C /* Release */ = {
			isa = XCBuildConfiguration;
			buildSettings = {
				ALWAYS_EMBED_SWIFT_STANDARD_LIBRARIES = YES;
				BUNDLE_LOADER = "$(TEST_HOST)";
				CODE_SIGN_STYLE = Automatic;
				DEVELOPMENT_TEAM = 6577BG9GEC;
				INFOPLIST_FILE = "CSC690-FinalProjectTests/Info.plist";
				IPHONEOS_DEPLOYMENT_TARGET = 13.2;
				LD_RUNPATH_SEARCH_PATHS = (
					"$(inherited)",
					"@executable_path/Frameworks",
					"@loader_path/Frameworks",
				);
				PRODUCT_BUNDLE_IDENTIFIER = "johnsonWong.CSC690-FinalProjectTests";
				PRODUCT_NAME = "$(TARGET_NAME)";
				SWIFT_VERSION = 5.0;
				TARGETED_DEVICE_FAMILY = "1,2";
				TEST_HOST = "$(BUILT_PRODUCTS_DIR)/CSC690-FinalProject.app/CSC690-FinalProject";
			};
			name = Release;
		};
		2B3EC2C0237BC89800E0C37C /* Debug */ = {
			isa = XCBuildConfiguration;
			buildSettings = {
				ALWAYS_EMBED_SWIFT_STANDARD_LIBRARIES = YES;
				CODE_SIGN_STYLE = Automatic;
				DEVELOPMENT_TEAM = 6577BG9GEC;
				INFOPLIST_FILE = "CSC690-FinalProjectUITests/Info.plist";
				LD_RUNPATH_SEARCH_PATHS = (
					"$(inherited)",
					"@executable_path/Frameworks",
					"@loader_path/Frameworks",
				);
				PRODUCT_BUNDLE_IDENTIFIER = "johnsonWong.CSC690-FinalProjectUITests";
				PRODUCT_NAME = "$(TARGET_NAME)";
				SWIFT_VERSION = 5.0;
				TARGETED_DEVICE_FAMILY = "1,2";
				TEST_TARGET_NAME = "CSC690-FinalProject";
			};
			name = Debug;
		};
		2B3EC2C1237BC89800E0C37C /* Release */ = {
			isa = XCBuildConfiguration;
			buildSettings = {
				ALWAYS_EMBED_SWIFT_STANDARD_LIBRARIES = YES;
				CODE_SIGN_STYLE = Automatic;
				DEVELOPMENT_TEAM = 6577BG9GEC;
				INFOPLIST_FILE = "CSC690-FinalProjectUITests/Info.plist";
				LD_RUNPATH_SEARCH_PATHS = (
					"$(inherited)",
					"@executable_path/Frameworks",
					"@loader_path/Frameworks",
				);
				PRODUCT_BUNDLE_IDENTIFIER = "johnsonWong.CSC690-FinalProjectUITests";
				PRODUCT_NAME = "$(TARGET_NAME)";
				SWIFT_VERSION = 5.0;
				TARGETED_DEVICE_FAMILY = "1,2";
				TEST_TARGET_NAME = "CSC690-FinalProject";
			};
			name = Release;
		};
/* End XCBuildConfiguration section */

/* Begin XCConfigurationList section */
		2B3EC28A237BC89600E0C37C /* Build configuration list for PBXProject "CSC690-FinalProject" */ = {
			isa = XCConfigurationList;
			buildConfigurations = (
				2B3EC2B7237BC89800E0C37C /* Debug */,
				2B3EC2B8237BC89800E0C37C /* Release */,
			);
			defaultConfigurationIsVisible = 0;
			defaultConfigurationName = Release;
		};
		2B3EC2B9237BC89800E0C37C /* Build configuration list for PBXNativeTarget "CSC690-FinalProject" */ = {
			isa = XCConfigurationList;
			buildConfigurations = (
				2B3EC2BA237BC89800E0C37C /* Debug */,
				2B3EC2BB237BC89800E0C37C /* Release */,
			);
			defaultConfigurationIsVisible = 0;
			defaultConfigurationName = Release;
		};
		2B3EC2BC237BC89800E0C37C /* Build configuration list for PBXNativeTarget "CSC690-FinalProjectTests" */ = {
			isa = XCConfigurationList;
			buildConfigurations = (
				2B3EC2BD237BC89800E0C37C /* Debug */,
				2B3EC2BE237BC89800E0C37C /* Release */,
			);
			defaultConfigurationIsVisible = 0;
			defaultConfigurationName = Release;
		};
		2B3EC2BF237BC89800E0C37C /* Build configuration list for PBXNativeTarget "CSC690-FinalProjectUITests" */ = {
			isa = XCConfigurationList;
			buildConfigurations = (
				2B3EC2C0237BC89800E0C37C /* Debug */,
				2B3EC2C1237BC89800E0C37C /* Release */,
			);
			defaultConfigurationIsVisible = 0;
			defaultConfigurationName = Release;
		};
/* End XCConfigurationList section */
	};
	rootObject = 2B3EC287237BC89600E0C37C /* Project object */;
}
