// !$*UTF8*$!
{
	archiveVersion = 1;
	classes = {
	};
	objectVersion = 50;
	objects = {

/* Begin PBXBuildFile section */
		2B04E6E12393B71B007EAAF9 /* AppDelegate.swift in Sources */ = {isa = PBXBuildFile; fileRef = 2B04E6E02393B71B007EAAF9 /* AppDelegate.swift */; };
		2B04E6E32393B71B007EAAF9 /* SceneDelegate.swift in Sources */ = {isa = PBXBuildFile; fileRef = 2B04E6E22393B71B007EAAF9 /* SceneDelegate.swift */; };
		2B04E6E52393B71B007EAAF9 /* ContentView.swift in Sources */ = {isa = PBXBuildFile; fileRef = 2B04E6E42393B71B007EAAF9 /* ContentView.swift */; };
		2B04E6E72393B71D007EAAF9 /* Assets.xcassets in Resources */ = {isa = PBXBuildFile; fileRef = 2B04E6E62393B71D007EAAF9 /* Assets.xcassets */; };
		2B04E6EA2393B71D007EAAF9 /* Preview Assets.xcassets in Resources */ = {isa = PBXBuildFile; fileRef = 2B04E6E92393B71D007EAAF9 /* Preview Assets.xcassets */; };
		2B04E6ED2393B71D007EAAF9 /* LaunchScreen.storyboard in Resources */ = {isa = PBXBuildFile; fileRef = 2B04E6EB2393B71D007EAAF9 /* LaunchScreen.storyboard */; };
		2B04E6F82393B71D007EAAF9 /* CSC690_Final_ProjectTests.swift in Sources */ = {isa = PBXBuildFile; fileRef = 2B04E6F72393B71D007EAAF9 /* CSC690_Final_ProjectTests.swift */; };
		2B04E7032393B71D007EAAF9 /* CSC690_Final_ProjectUITests.swift in Sources */ = {isa = PBXBuildFile; fileRef = 2B04E7022393B71D007EAAF9 /* CSC690_Final_ProjectUITests.swift */; };
		2B04E7202393BCBF007EAAF9 /* Wire-Frames in Resources */ = {isa = PBXBuildFile; fileRef = 2B04E71E2393BCBE007EAAF9 /* Wire-Frames */; };
		2B04E7212393BCBF007EAAF9 /* README.md in Resources */ = {isa = PBXBuildFile; fileRef = 2B04E71F2393BCBE007EAAF9 /* README.md */; };
		2B8EE5342393BE9E00C6908A /* .gitignore in Resources */ = {isa = PBXBuildFile; fileRef = 2B8EE5332393BE9E00C6908A /* .gitignore */; };
		2B8EE5362394744000C6908A /* ChatController.swift in Sources */ = {isa = PBXBuildFile; fileRef = 2B8EE5352394744000C6908A /* ChatController.swift */; };
/* End PBXBuildFile section */

/* Begin PBXContainerItemProxy section */
		2B04E6F42393B71D007EAAF9 /* PBXContainerItemProxy */ = {
			isa = PBXContainerItemProxy;
			containerPortal = 2B04E6D52393B71B007EAAF9 /* Project object */;
			proxyType = 1;
			remoteGlobalIDString = 2B04E6DC2393B71B007EAAF9;
			remoteInfo = "CSC690-Final-Project";
		};
		2B04E6FF2393B71D007EAAF9 /* PBXContainerItemProxy */ = {
			isa = PBXContainerItemProxy;
			containerPortal = 2B04E6D52393B71B007EAAF9 /* Project object */;
			proxyType = 1;
			remoteGlobalIDString = 2B04E6DC2393B71B007EAAF9;
			remoteInfo = "CSC690-Final-Project";
		};
/* End PBXContainerItemProxy section */

/* Begin PBXFileReference section */
		2B04E6DD2393B71B007EAAF9 /* CSC690-Final-Project.app */ = {isa = PBXFileReference; explicitFileType = wrapper.application; includeInIndex = 0; path = "CSC690-Final-Project.app"; sourceTree = BUILT_PRODUCTS_DIR; };
		2B04E6E02393B71B007EAAF9 /* AppDelegate.swift */ = {isa = PBXFileReference; lastKnownFileType = sourcecode.swift; path = AppDelegate.swift; sourceTree = "<group>"; };
		2B04E6E22393B71B007EAAF9 /* SceneDelegate.swift */ = {isa = PBXFileReference; lastKnownFileType = sourcecode.swift; path = SceneDelegate.swift; sourceTree = "<group>"; };
		2B04E6E42393B71B007EAAF9 /* ContentView.swift */ = {isa = PBXFileReference; lastKnownFileType = sourcecode.swift; path = ContentView.swift; sourceTree = "<group>"; };
		2B04E6E62393B71D007EAAF9 /* Assets.xcassets */ = {isa = PBXFileReference; lastKnownFileType = folder.assetcatalog; path = Assets.xcassets; sourceTree = "<group>"; };
		2B04E6E92393B71D007EAAF9 /* Preview Assets.xcassets */ = {isa = PBXFileReference; lastKnownFileType = folder.assetcatalog; path = "Preview Assets.xcassets"; sourceTree = "<group>"; };
		2B04E6EC2393B71D007EAAF9 /* Base */ = {isa = PBXFileReference; lastKnownFileType = file.storyboard; name = Base; path = Base.lproj/LaunchScreen.storyboard; sourceTree = "<group>"; };
		2B04E6EE2393B71D007EAAF9 /* Info.plist */ = {isa = PBXFileReference; lastKnownFileType = text.plist.xml; path = Info.plist; sourceTree = "<group>"; };
		2B04E6F32393B71D007EAAF9 /* CSC690-Final-ProjectTests.xctest */ = {isa = PBXFileReference; explicitFileType = wrapper.cfbundle; includeInIndex = 0; path = "CSC690-Final-ProjectTests.xctest"; sourceTree = BUILT_PRODUCTS_DIR; };
		2B04E6F72393B71D007EAAF9 /* CSC690_Final_ProjectTests.swift */ = {isa = PBXFileReference; lastKnownFileType = sourcecode.swift; path = CSC690_Final_ProjectTests.swift; sourceTree = "<group>"; };
		2B04E6F92393B71D007EAAF9 /* Info.plist */ = {isa = PBXFileReference; lastKnownFileType = text.plist.xml; path = Info.plist; sourceTree = "<group>"; };
		2B04E6FE2393B71D007EAAF9 /* CSC690-Final-ProjectUITests.xctest */ = {isa = PBXFileReference; explicitFileType = wrapper.cfbundle; includeInIndex = 0; path = "CSC690-Final-ProjectUITests.xctest"; sourceTree = BUILT_PRODUCTS_DIR; };
		2B04E7022393B71D007EAAF9 /* CSC690_Final_ProjectUITests.swift */ = {isa = PBXFileReference; lastKnownFileType = sourcecode.swift; path = CSC690_Final_ProjectUITests.swift; sourceTree = "<group>"; };
		2B04E7042393B71D007EAAF9 /* Info.plist */ = {isa = PBXFileReference; lastKnownFileType = text.plist.xml; path = Info.plist; sourceTree = "<group>"; };
		2B04E71E2393BCBE007EAAF9 /* Wire-Frames */ = {isa = PBXFileReference; lastKnownFileType = folder; path = "Wire-Frames"; sourceTree = "<group>"; };
		2B04E71F2393BCBE007EAAF9 /* README.md */ = {isa = PBXFileReference; fileEncoding = 4; lastKnownFileType = net.daringfireball.markdown; path = README.md; sourceTree = "<group>"; };
		2B8EE5332393BE9E00C6908A /* .gitignore */ = {isa = PBXFileReference; lastKnownFileType = text; path = .gitignore; sourceTree = "<group>"; };
		2B8EE5352394744000C6908A /* ChatController.swift */ = {isa = PBXFileReference; lastKnownFileType = sourcecode.swift; path = ChatController.swift; sourceTree = "<group>"; };
/* End PBXFileReference section */

/* Begin PBXFrameworksBuildPhase section */
		2B04E6DA2393B71B007EAAF9 /* Frameworks */ = {
			isa = PBXFrameworksBuildPhase;
			buildActionMask = 2147483647;
			files = (
			);
			runOnlyForDeploymentPostprocessing = 0;
		};
		2B04E6F02393B71D007EAAF9 /* Frameworks */ = {
			isa = PBXFrameworksBuildPhase;
			buildActionMask = 2147483647;
			files = (
			);
			runOnlyForDeploymentPostprocessing = 0;
		};
		2B04E6FB2393B71D007EAAF9 /* Frameworks */ = {
			isa = PBXFrameworksBuildPhase;
			buildActionMask = 2147483647;
			files = (
			);
			runOnlyForDeploymentPostprocessing = 0;
		};
/* End PBXFrameworksBuildPhase section */

/* Begin PBXGroup section */
		2B04E6D42393B71B007EAAF9 = {
			isa = PBXGroup;
			children = (
				2B04E6DF2393B71B007EAAF9 /* CSC690-Final-Project */,
				2B04E6F62393B71D007EAAF9 /* CSC690-Final-ProjectTests */,
				2B04E7012393B71D007EAAF9 /* CSC690-Final-ProjectUITests */,
				2B04E6DE2393B71B007EAAF9 /* Products */,
				2B04E71E2393BCBE007EAAF9 /* Wire-Frames */,
				2B8EE5332393BE9E00C6908A /* .gitignore */,
				2B04E71F2393BCBE007EAAF9 /* README.md */,
			);
			sourceTree = "<group>";
		};
		2B04E6DE2393B71B007EAAF9 /* Products */ = {
			isa = PBXGroup;
			children = (
				2B04E6DD2393B71B007EAAF9 /* CSC690-Final-Project.app */,
				2B04E6F32393B71D007EAAF9 /* CSC690-Final-ProjectTests.xctest */,
				2B04E6FE2393B71D007EAAF9 /* CSC690-Final-ProjectUITests.xctest */,
			);
			name = Products;
			sourceTree = "<group>";
		};
		2B04E6DF2393B71B007EAAF9 /* CSC690-Final-Project */ = {
			isa = PBXGroup;
			children = (
				2B04E6E02393B71B007EAAF9 /* AppDelegate.swift */,
				2B04E6E22393B71B007EAAF9 /* SceneDelegate.swift */,
				2B04E6E42393B71B007EAAF9 /* ContentView.swift */,
				2B04E6E62393B71D007EAAF9 /* Assets.xcassets */,
				2B04E6EB2393B71D007EAAF9 /* LaunchScreen.storyboard */,
				2B04E6EE2393B71D007EAAF9 /* Info.plist */,
				2B04E6E82393B71D007EAAF9 /* Preview Content */,
				2B8EE5352394744000C6908A /* ChatController.swift */,
			);
			path = "CSC690-Final-Project";
			sourceTree = "<group>";
		};
		2B04E6E82393B71D007EAAF9 /* Preview Content */ = {
			isa = PBXGroup;
			children = (
				2B04E6E92393B71D007EAAF9 /* Preview Assets.xcassets */,
			);
			path = "Preview Content";
			sourceTree = "<group>";
		};
		2B04E6F62393B71D007EAAF9 /* CSC690-Final-ProjectTests */ = {
			isa = PBXGroup;
			children = (
				2B04E6F72393B71D007EAAF9 /* CSC690_Final_ProjectTests.swift */,
				2B04E6F92393B71D007EAAF9 /* Info.plist */,
			);
			path = "CSC690-Final-ProjectTests";
			sourceTree = "<group>";
		};
		2B04E7012393B71D007EAAF9 /* CSC690-Final-ProjectUITests */ = {
			isa = PBXGroup;
			children = (
				2B04E7022393B71D007EAAF9 /* CSC690_Final_ProjectUITests.swift */,
				2B04E7042393B71D007EAAF9 /* Info.plist */,
			);
			path = "CSC690-Final-ProjectUITests";
			sourceTree = "<group>";
		};
/* End PBXGroup section */

/* Begin PBXNativeTarget section */
		2B04E6DC2393B71B007EAAF9 /* CSC690-Final-Project */ = {
			isa = PBXNativeTarget;
			buildConfigurationList = 2B04E7072393B71D007EAAF9 /* Build configuration list for PBXNativeTarget "CSC690-Final-Project" */;
			buildPhases = (
				2B04E6D92393B71B007EAAF9 /* Sources */,
				2B04E6DA2393B71B007EAAF9 /* Frameworks */,
				2B04E6DB2393B71B007EAAF9 /* Resources */,
			);
			buildRules = (
			);
			dependencies = (
			);
			name = "CSC690-Final-Project";
			productName = "CSC690-Final-Project";
			productReference = 2B04E6DD2393B71B007EAAF9 /* CSC690-Final-Project.app */;
			productType = "com.apple.product-type.application";
		};
		2B04E6F22393B71D007EAAF9 /* CSC690-Final-ProjectTests */ = {
			isa = PBXNativeTarget;
			buildConfigurationList = 2B04E70A2393B71D007EAAF9 /* Build configuration list for PBXNativeTarget "CSC690-Final-ProjectTests" */;
			buildPhases = (
				2B04E6EF2393B71D007EAAF9 /* Sources */,
				2B04E6F02393B71D007EAAF9 /* Frameworks */,
				2B04E6F12393B71D007EAAF9 /* Resources */,
			);
			buildRules = (
			);
			dependencies = (
				2B04E6F52393B71D007EAAF9 /* PBXTargetDependency */,
			);
			name = "CSC690-Final-ProjectTests";
			productName = "CSC690-Final-ProjectTests";
			productReference = 2B04E6F32393B71D007EAAF9 /* CSC690-Final-ProjectTests.xctest */;
			productType = "com.apple.product-type.bundle.unit-test";
		};
		2B04E6FD2393B71D007EAAF9 /* CSC690-Final-ProjectUITests */ = {
			isa = PBXNativeTarget;
			buildConfigurationList = 2B04E70D2393B71D007EAAF9 /* Build configuration list for PBXNativeTarget "CSC690-Final-ProjectUITests" */;
			buildPhases = (
				2B04E6FA2393B71D007EAAF9 /* Sources */,
				2B04E6FB2393B71D007EAAF9 /* Frameworks */,
				2B04E6FC2393B71D007EAAF9 /* Resources */,
			);
			buildRules = (
			);
			dependencies = (
				2B04E7002393B71D007EAAF9 /* PBXTargetDependency */,
			);
			name = "CSC690-Final-ProjectUITests";
			productName = "CSC690-Final-ProjectUITests";
			productReference = 2B04E6FE2393B71D007EAAF9 /* CSC690-Final-ProjectUITests.xctest */;
			productType = "com.apple.product-type.bundle.ui-testing";
		};
/* End PBXNativeTarget section */

/* Begin PBXProject section */
		2B04E6D52393B71B007EAAF9 /* Project object */ = {
			isa = PBXProject;
			attributes = {
				LastSwiftUpdateCheck = 1120;
				LastUpgradeCheck = 1120;
				ORGANIZATIONNAME = "Johnson Wong";
				TargetAttributes = {
					2B04E6DC2393B71B007EAAF9 = {
						CreatedOnToolsVersion = 11.2.1;
					};
					2B04E6F22393B71D007EAAF9 = {
						CreatedOnToolsVersion = 11.2.1;
						TestTargetID = 2B04E6DC2393B71B007EAAF9;
					};
					2B04E6FD2393B71D007EAAF9 = {
						CreatedOnToolsVersion = 11.2.1;
						TestTargetID = 2B04E6DC2393B71B007EAAF9;
					};
				};
			};
			buildConfigurationList = 2B04E6D82393B71B007EAAF9 /* Build configuration list for PBXProject "CSC690-Final-Project" */;
			compatibilityVersion = "Xcode 9.3";
			developmentRegion = en;
			hasScannedForEncodings = 0;
			knownRegions = (
				en,
				Base,
			);
			mainGroup = 2B04E6D42393B71B007EAAF9;
			productRefGroup = 2B04E6DE2393B71B007EAAF9 /* Products */;
			projectDirPath = "";
			projectRoot = "";
			targets = (
				2B04E6DC2393B71B007EAAF9 /* CSC690-Final-Project */,
				2B04E6F22393B71D007EAAF9 /* CSC690-Final-ProjectTests */,
				2B04E6FD2393B71D007EAAF9 /* CSC690-Final-ProjectUITests */,
			);
		};
/* End PBXProject section */

/* Begin PBXResourcesBuildPhase section */
		2B04E6DB2393B71B007EAAF9 /* Resources */ = {
			isa = PBXResourcesBuildPhase;
			buildActionMask = 2147483647;
			files = (
				2B04E6ED2393B71D007EAAF9 /* LaunchScreen.storyboard in Resources */,
				2B04E7202393BCBF007EAAF9 /* Wire-Frames in Resources */,
				2B04E7212393BCBF007EAAF9 /* README.md in Resources */,
				2B04E6EA2393B71D007EAAF9 /* Preview Assets.xcassets in Resources */,
				2B8EE5342393BE9E00C6908A /* .gitignore in Resources */,
				2B04E6E72393B71D007EAAF9 /* Assets.xcassets in Resources */,
			);
			runOnlyForDeploymentPostprocessing = 0;
		};
		2B04E6F12393B71D007EAAF9 /* Resources */ = {
			isa = PBXResourcesBuildPhase;
			buildActionMask = 2147483647;
			files = (
			);
			runOnlyForDeploymentPostprocessing = 0;
		};
		2B04E6FC2393B71D007EAAF9 /* Resources */ = {
			isa = PBXResourcesBuildPhase;
			buildActionMask = 2147483647;
			files = (
			);
			runOnlyForDeploymentPostprocessing = 0;
		};
/* End PBXResourcesBuildPhase section */

/* Begin PBXSourcesBuildPhase section */
		2B04E6D92393B71B007EAAF9 /* Sources */ = {
			isa = PBXSourcesBuildPhase;
			buildActionMask = 2147483647;
			files = (
				2B04E6E12393B71B007EAAF9 /* AppDelegate.swift in Sources */,
				2B04E6E32393B71B007EAAF9 /* SceneDelegate.swift in Sources */,
				2B04E6E52393B71B007EAAF9 /* ContentView.swift in Sources */,
				2B8EE5362394744000C6908A /* ChatController.swift in Sources */,
			);
			runOnlyForDeploymentPostprocessing = 0;
		};
		2B04E6EF2393B71D007EAAF9 /* Sources */ = {
			isa = PBXSourcesBuildPhase;
			buildActionMask = 2147483647;
			files = (
				2B04E6F82393B71D007EAAF9 /* CSC690_Final_ProjectTests.swift in Sources */,
			);
			runOnlyForDeploymentPostprocessing = 0;
		};
		2B04E6FA2393B71D007EAAF9 /* Sources */ = {
			isa = PBXSourcesBuildPhase;
			buildActionMask = 2147483647;
			files = (
				2B04E7032393B71D007EAAF9 /* CSC690_Final_ProjectUITests.swift in Sources */,
			);
			runOnlyForDeploymentPostprocessing = 0;
		};
/* End PBXSourcesBuildPhase section */

/* Begin PBXTargetDependency section */
		2B04E6F52393B71D007EAAF9 /* PBXTargetDependency */ = {
			isa = PBXTargetDependency;
			target = 2B04E6DC2393B71B007EAAF9 /* CSC690-Final-Project */;
			targetProxy = 2B04E6F42393B71D007EAAF9 /* PBXContainerItemProxy */;
		};
		2B04E7002393B71D007EAAF9 /* PBXTargetDependency */ = {
			isa = PBXTargetDependency;
			target = 2B04E6DC2393B71B007EAAF9 /* CSC690-Final-Project */;
			targetProxy = 2B04E6FF2393B71D007EAAF9 /* PBXContainerItemProxy */;
		};
/* End PBXTargetDependency section */

/* Begin PBXVariantGroup section */
		2B04E6EB2393B71D007EAAF9 /* LaunchScreen.storyboard */ = {
			isa = PBXVariantGroup;
			children = (
				2B04E6EC2393B71D007EAAF9 /* Base */,
			);
			name = LaunchScreen.storyboard;
			sourceTree = "<group>";
		};
/* End PBXVariantGroup section */

/* Begin XCBuildConfiguration section */
		2B04E7052393B71D007EAAF9 /* Debug */ = {
			isa = XCBuildConfiguration;
			buildSettings = {
				ALWAYS_SEARCH_USER_PATHS = NO;
				CLANG_ANALYZER_NONNULL = YES;
				CLANG_ANALYZER_NUMBER_OBJECT_CONVERSION = YES_AGGRESSIVE;
				CLANG_CXX_LANGUAGE_STANDARD = "gnu++14";
				CLANG_CXX_LIBRARY = "libc++";
				CLANG_ENABLE_MODULES = YES;
				CLANG_ENABLE_OBJC_ARC = YES;
				CLANG_ENABLE_OBJC_WEAK = YES;
				CLANG_WARN_BLOCK_CAPTURE_AUTORELEASING = YES;
				CLANG_WARN_BOOL_CONVERSION = YES;
				CLANG_WARN_COMMA = YES;
				CLANG_WARN_CONSTANT_CONVERSION = YES;
				CLANG_WARN_DEPRECATED_OBJC_IMPLEMENTATIONS = YES;
				CLANG_WARN_DIRECT_OBJC_ISA_USAGE = YES_ERROR;
				CLANG_WARN_DOCUMENTATION_COMMENTS = YES;
				CLANG_WARN_EMPTY_BODY = YES;
				CLANG_WARN_ENUM_CONVERSION = YES;
				CLANG_WARN_INFINITE_RECURSION = YES;
				CLANG_WARN_INT_CONVERSION = YES;
				CLANG_WARN_NON_LITERAL_NULL_CONVERSION = YES;
				CLANG_WARN_OBJC_IMPLICIT_RETAIN_SELF = YES;
				CLANG_WARN_OBJC_LITERAL_CONVERSION = YES;
				CLANG_WARN_OBJC_ROOT_CLASS = YES_ERROR;
				CLANG_WARN_RANGE_LOOP_ANALYSIS = YES;
				CLANG_WARN_STRICT_PROTOTYPES = YES;
				CLANG_WARN_SUSPICIOUS_MOVE = YES;
				CLANG_WARN_UNGUARDED_AVAILABILITY = YES_AGGRESSIVE;
				CLANG_WARN_UNREACHABLE_CODE = YES;
				CLANG_WARN__DUPLICATE_METHOD_MATCH = YES;
				COPY_PHASE_STRIP = NO;
				DEBUG_INFORMATION_FORMAT = dwarf;
				ENABLE_STRICT_OBJC_MSGSEND = YES;
				ENABLE_TESTABILITY = YES;
				GCC_C_LANGUAGE_STANDARD = gnu11;
				GCC_DYNAMIC_NO_PIC = NO;
				GCC_NO_COMMON_BLOCKS = YES;
				GCC_OPTIMIZATION_LEVEL = 0;
				GCC_PREPROCESSOR_DEFINITIONS = (
					"DEBUG=1",
					"$(inherited)",
				);
				GCC_WARN_64_TO_32_BIT_CONVERSION = YES;
				GCC_WARN_ABOUT_RETURN_TYPE = YES_ERROR;
				GCC_WARN_UNDECLARED_SELECTOR = YES;
				GCC_WARN_UNINITIALIZED_AUTOS = YES_AGGRESSIVE;
				GCC_WARN_UNUSED_FUNCTION = YES;
				GCC_WARN_UNUSED_VARIABLE = YES;
				IPHONEOS_DEPLOYMENT_TARGET = 13.2;
				MTL_ENABLE_DEBUG_INFO = INCLUDE_SOURCE;
				MTL_FAST_MATH = YES;
				ONLY_ACTIVE_ARCH = YES;
				SDKROOT = iphoneos;
				SWIFT_ACTIVE_COMPILATION_CONDITIONS = DEBUG;
				SWIFT_OPTIMIZATION_LEVEL = "-Onone";
			};
			name = Debug;
		};
		2B04E7062393B71D007EAAF9 /* Release */ = {
			isa = XCBuildConfiguration;
			buildSettings = {
				ALWAYS_SEARCH_USER_PATHS = NO;
				CLANG_ANALYZER_NONNULL = YES;
				CLANG_ANALYZER_NUMBER_OBJECT_CONVERSION = YES_AGGRESSIVE;
				CLANG_CXX_LANGUAGE_STANDARD = "gnu++14";
				CLANG_CXX_LIBRARY = "libc++";
				CLANG_ENABLE_MODULES = YES;
				CLANG_ENABLE_OBJC_ARC = YES;
				CLANG_ENABLE_OBJC_WEAK = YES;
				CLANG_WARN_BLOCK_CAPTURE_AUTORELEASING = YES;
				CLANG_WARN_BOOL_CONVERSION = YES;
				CLANG_WARN_COMMA = YES;
				CLANG_WARN_CONSTANT_CONVERSION = YES;
				CLANG_WARN_DEPRECATED_OBJC_IMPLEMENTATIONS = YES;
				CLANG_WARN_DIRECT_OBJC_ISA_USAGE = YES_ERROR;
				CLANG_WARN_DOCUMENTATION_COMMENTS = YES;
				CLANG_WARN_EMPTY_BODY = YES;
				CLANG_WARN_ENUM_CONVERSION = YES;
				CLANG_WARN_INFINITE_RECURSION = YES;
				CLANG_WARN_INT_CONVERSION = YES;
				CLANG_WARN_NON_LITERAL_NULL_CONVERSION = YES;
				CLANG_WARN_OBJC_IMPLICIT_RETAIN_SELF = YES;
				CLANG_WARN_OBJC_LITERAL_CONVERSION = YES;
				CLANG_WARN_OBJC_ROOT_CLASS = YES_ERROR;
				CLANG_WARN_RANGE_LOOP_ANALYSIS = YES;
				CLANG_WARN_STRICT_PROTOTYPES = YES;
				CLANG_WARN_SUSPICIOUS_MOVE = YES;
				CLANG_WARN_UNGUARDED_AVAILABILITY = YES_AGGRESSIVE;
				CLANG_WARN_UNREACHABLE_CODE = YES;
				CLANG_WARN__DUPLICATE_METHOD_MATCH = YES;
				COPY_PHASE_STRIP = NO;
				DEBUG_INFORMATION_FORMAT = "dwarf-with-dsym";
				ENABLE_NS_ASSERTIONS = NO;
				ENABLE_STRICT_OBJC_MSGSEND = YES;
				GCC_C_LANGUAGE_STANDARD = gnu11;
				GCC_NO_COMMON_BLOCKS = YES;
				GCC_WARN_64_TO_32_BIT_CONVERSION = YES;
				GCC_WARN_ABOUT_RETURN_TYPE = YES_ERROR;
				GCC_WARN_UNDECLARED_SELECTOR = YES;
				GCC_WARN_UNINITIALIZED_AUTOS = YES_AGGRESSIVE;
				GCC_WARN_UNUSED_FUNCTION = YES;
				GCC_WARN_UNUSED_VARIABLE = YES;
				IPHONEOS_DEPLOYMENT_TARGET = 13.2;
				MTL_ENABLE_DEBUG_INFO = NO;
				MTL_FAST_MATH = YES;
				SDKROOT = iphoneos;
				SWIFT_COMPILATION_MODE = wholemodule;
				SWIFT_OPTIMIZATION_LEVEL = "-O";
				VALIDATE_PRODUCT = YES;
			};
			name = Release;
		};
		2B04E7082393B71D007EAAF9 /* Debug */ = {
			isa = XCBuildConfiguration;
			buildSettings = {
				ASSETCATALOG_COMPILER_APPICON_NAME = AppIcon;
				CODE_SIGN_STYLE = Automatic;
				DEVELOPMENT_ASSET_PATHS = "\"CSC690-Final-Project/Preview Content\"";
				DEVELOPMENT_TEAM = 6577BG9GEC;
				ENABLE_PREVIEWS = YES;
				INFOPLIST_FILE = "CSC690-Final-Project/Info.plist";
				LD_RUNPATH_SEARCH_PATHS = (
					"$(inherited)",
					"@executable_path/Frameworks",
				);
				PRODUCT_BUNDLE_IDENTIFIER = "Johnson-Wong.CSC690-Final-Project";
				PRODUCT_NAME = "$(TARGET_NAME)";
				SWIFT_VERSION = 5.0;
				TARGETED_DEVICE_FAMILY = "1,2";
			};
			name = Debug;
		};
		2B04E7092393B71D007EAAF9 /* Release */ = {
			isa = XCBuildConfiguration;
			buildSettings = {
				ASSETCATALOG_COMPILER_APPICON_NAME = AppIcon;
				CODE_SIGN_STYLE = Automatic;
				DEVELOPMENT_ASSET_PATHS = "\"CSC690-Final-Project/Preview Content\"";
				DEVELOPMENT_TEAM = 6577BG9GEC;
				ENABLE_PREVIEWS = YES;
				INFOPLIST_FILE = "CSC690-Final-Project/Info.plist";
				LD_RUNPATH_SEARCH_PATHS = (
					"$(inherited)",
					"@executable_path/Frameworks",
				);
				PRODUCT_BUNDLE_IDENTIFIER = "Johnson-Wong.CSC690-Final-Project";
				PRODUCT_NAME = "$(TARGET_NAME)";
				SWIFT_VERSION = 5.0;
				TARGETED_DEVICE_FAMILY = "1,2";
			};
			name = Release;
		};
		2B04E70B2393B71D007EAAF9 /* Debug */ = {
			isa = XCBuildConfiguration;
			buildSettings = {
				ALWAYS_EMBED_SWIFT_STANDARD_LIBRARIES = YES;
				BUNDLE_LOADER = "$(TEST_HOST)";
				CODE_SIGN_STYLE = Automatic;
				DEVELOPMENT_TEAM = 6577BG9GEC;
				INFOPLIST_FILE = "CSC690-Final-ProjectTests/Info.plist";
				IPHONEOS_DEPLOYMENT_TARGET = 13.2;
				LD_RUNPATH_SEARCH_PATHS = (
					"$(inherited)",
					"@executable_path/Frameworks",
					"@loader_path/Frameworks",
				);
				PRODUCT_BUNDLE_IDENTIFIER = "Johnson-Wong.CSC690-Final-ProjectTests";
				PRODUCT_NAME = "$(TARGET_NAME)";
				SWIFT_VERSION = 5.0;
				TARGETED_DEVICE_FAMILY = "1,2";
				TEST_HOST = "$(BUILT_PRODUCTS_DIR)/CSC690-Final-Project.app/CSC690-Final-Project";
			};
			name = Debug;
		};
		2B04E70C2393B71D007EAAF9 /* Release */ = {
			isa = XCBuildConfiguration;
			buildSettings = {
				ALWAYS_EMBED_SWIFT_STANDARD_LIBRARIES = YES;
				BUNDLE_LOADER = "$(TEST_HOST)";
				CODE_SIGN_STYLE = Automatic;
				DEVELOPMENT_TEAM = 6577BG9GEC;
				INFOPLIST_FILE = "CSC690-Final-ProjectTests/Info.plist";
				IPHONEOS_DEPLOYMENT_TARGET = 13.2;
				LD_RUNPATH_SEARCH_PATHS = (
					"$(inherited)",
					"@executable_path/Frameworks",
					"@loader_path/Frameworks",
				);
				PRODUCT_BUNDLE_IDENTIFIER = "Johnson-Wong.CSC690-Final-ProjectTests";
				PRODUCT_NAME = "$(TARGET_NAME)";
				SWIFT_VERSION = 5.0;
				TARGETED_DEVICE_FAMILY = "1,2";
				TEST_HOST = "$(BUILT_PRODUCTS_DIR)/CSC690-Final-Project.app/CSC690-Final-Project";
			};
			name = Release;
		};
		2B04E70E2393B71D007EAAF9 /* Debug */ = {
			isa = XCBuildConfiguration;
			buildSettings = {
				ALWAYS_EMBED_SWIFT_STANDARD_LIBRARIES = YES;
				CODE_SIGN_STYLE = Automatic;
				DEVELOPMENT_TEAM = 6577BG9GEC;
				INFOPLIST_FILE = "CSC690-Final-ProjectUITests/Info.plist";
				LD_RUNPATH_SEARCH_PATHS = (
					"$(inherited)",
					"@executable_path/Frameworks",
					"@loader_path/Frameworks",
				);
				PRODUCT_BUNDLE_IDENTIFIER = "Johnson-Wong.CSC690-Final-ProjectUITests";
				PRODUCT_NAME = "$(TARGET_NAME)";
				SWIFT_VERSION = 5.0;
				TARGETED_DEVICE_FAMILY = "1,2";
				TEST_TARGET_NAME = "CSC690-Final-Project";
			};
			name = Debug;
		};
		2B04E70F2393B71D007EAAF9 /* Release */ = {
			isa = XCBuildConfiguration;
			buildSettings = {
				ALWAYS_EMBED_SWIFT_STANDARD_LIBRARIES = YES;
				CODE_SIGN_STYLE = Automatic;
				DEVELOPMENT_TEAM = 6577BG9GEC;
				INFOPLIST_FILE = "CSC690-Final-ProjectUITests/Info.plist";
				LD_RUNPATH_SEARCH_PATHS = (
					"$(inherited)",
					"@executable_path/Frameworks",
					"@loader_path/Frameworks",
				);
				PRODUCT_BUNDLE_IDENTIFIER = "Johnson-Wong.CSC690-Final-ProjectUITests";
				PRODUCT_NAME = "$(TARGET_NAME)";
				SWIFT_VERSION = 5.0;
				TARGETED_DEVICE_FAMILY = "1,2";
				TEST_TARGET_NAME = "CSC690-Final-Project";
			};
			name = Release;
		};
/* End XCBuildConfiguration section */

/* Begin XCConfigurationList section */
		2B04E6D82393B71B007EAAF9 /* Build configuration list for PBXProject "CSC690-Final-Project" */ = {
			isa = XCConfigurationList;
			buildConfigurations = (
				2B04E7052393B71D007EAAF9 /* Debug */,
				2B04E7062393B71D007EAAF9 /* Release */,
			);
			defaultConfigurationIsVisible = 0;
			defaultConfigurationName = Release;
		};
		2B04E7072393B71D007EAAF9 /* Build configuration list for PBXNativeTarget "CSC690-Final-Project" */ = {
			isa = XCConfigurationList;
			buildConfigurations = (
				2B04E7082393B71D007EAAF9 /* Debug */,
				2B04E7092393B71D007EAAF9 /* Release */,
			);
			defaultConfigurationIsVisible = 0;
			defaultConfigurationName = Release;
		};
		2B04E70A2393B71D007EAAF9 /* Build configuration list for PBXNativeTarget "CSC690-Final-ProjectTests" */ = {
			isa = XCConfigurationList;
			buildConfigurations = (
				2B04E70B2393B71D007EAAF9 /* Debug */,
				2B04E70C2393B71D007EAAF9 /* Release */,
			);
			defaultConfigurationIsVisible = 0;
			defaultConfigurationName = Release;
		};
		2B04E70D2393B71D007EAAF9 /* Build configuration list for PBXNativeTarget "CSC690-Final-ProjectUITests" */ = {
			isa = XCConfigurationList;
			buildConfigurations = (
				2B04E70E2393B71D007EAAF9 /* Debug */,
				2B04E70F2393B71D007EAAF9 /* Release */,
			);
			defaultConfigurationIsVisible = 0;
			defaultConfigurationName = Release;
		};
/* End XCConfigurationList section */
	};
	rootObject = 2B04E6D52393B71B007EAAF9 /* Project object */;
}
